
Microsoft Visual Studio Solution File, Format Version 12.00
# Visual Studio 2015
Project("{FAE04EC0-301F-11D3-BF4B-00C04F79EFBC}") = "DeZhouApp.Plugins", "DeZhouApp.Plugins.csproj", "{498833F9-137E-4D21-CD52-9E391A473563}"
EndProject
Project("{FAE04EC0-301F-11D3-BF4B-00C04F79EFBC}") = "DeZhouApp", "DeZhouApp.csproj", "{6634E260-8188-35D0-9AD3-C5D8EE114DE2}"
EndProject
Project("{FAE04EC0-301F-11D3-BF4B-00C04F79EFBC}") = "DeZhouApp.Editor", "DeZhouApp.Editor.csproj", "{FA29AE81-AEFA-7012-E6E4-70E38374709B}"
EndProject
Global
	GlobalSection(SolutionConfigurationPlatforms) = preSolution
		Debug|Any CPU = Debug|Any CPU
		Release|Any CPU = Release|Any CPU
	EndGlobalSection
	GlobalSection(ProjectConfigurationPlatforms) = postSolution
		{498833F9-137E-4D21-CD52-9E391A473563}.Debug|Any CPU.ActiveCfg = Debug|Any CPU
		{498833F9-137E-4D21-CD52-9E391A473563}.Debug|Any CPU.Build.0 = Debug|Any CPU
		{498833F9-137E-4D21-CD52-9E391A473563}.Release|Any CPU.ActiveCfg = Release|Any CPU
		{498833F9-137E-4D21-CD52-9E391A473563}.Release|Any CPU.Build.0 = Release|Any CPU
		{6634E260-8188-35D0-9AD3-C5D8EE114DE2}.Debug|Any CPU.ActiveCfg = Debug|Any CPU
		{6634E260-8188-35D0-9AD3-C5D8EE114DE2}.Debug|Any CPU.Build.0 = Debug|Any CPU
		{6634E260-8188-35D0-9AD3-C5D8EE114DE2}.Release|Any CPU.ActiveCfg = Release|Any CPU
		{6634E260-8188-35D0-9AD3-C5D8EE114DE2}.Release|Any CPU.Build.0 = Release|Any CPU
		{FA29AE81-AEFA-7012-E6E4-70E38374709B}.Debug|Any CPU.ActiveCfg = Debug|Any CPU
		{FA29AE81-AEFA-7012-E6E4-70E38374709B}.Debug|Any CPU.Build.0 = Debug|Any CPU
		{FA29AE81-AEFA-7012-E6E4-70E38374709B}.Release|Any CPU.ActiveCfg = Release|Any CPU
		{FA29AE81-AEFA-7012-E6E4-70E38374709B}.Release|Any CPU.Build.0 = Release|Any CPU
	EndGlobalSection
	GlobalSection(SolutionProperties) = preSolution
		HideSolutionNode = FALSE
	EndGlobalSection
EndGlobal
