
Microsoft Visual Studio Solution File, Format Version 11.00
# Visual Studio 2010
Project("{FAE04EC0-301F-11D3-BF4B-00C04F79EFBC}") = "dezhou_v1", "Assembly-CSharp-firstpass.csproj", "{10C79B7F-8371-98D8-C166-978117626B64}"
EndProject
Project("{FAE04EC0-301F-11D3-BF4B-00C04F79EFBC}") = "dezhou_v1", "Assembly-CSharp.csproj", "{8EFC71FF-4B45-4E81-45C3-5667295380CD}"
EndProject
Project("{FAE04EC0-301F-11D3-BF4B-00C04F79EFBC}") = "dezhou_v1", "Assembly-CSharp-Editor.csproj", "{31FD1300-0F13-A7DF-B98A-77C1FA5E26B9}"
EndProject
Global
	GlobalSection(SolutionConfigurationPlatforms) = preSolution
		Debug|Any CPU = Debug|Any CPU
		Release|Any CPU = Release|Any CPU
	EndGlobalSection
	GlobalSection(ProjectConfigurationPlatforms) = postSolution
		{10C79B7F-8371-98D8-C166-978117626B64}.Debug|Any CPU.ActiveCfg = Debug|Any CPU
		{10C79B7F-8371-98D8-C166-978117626B64}.Debug|Any CPU.Build.0 = Debug|Any CPU
		{10C79B7F-8371-98D8-C166-978117626B64}.Release|Any CPU.ActiveCfg = Release|Any CPU
		{10C79B7F-8371-98D8-C166-978117626B64}.Release|Any CPU.Build.0 = Release|Any CPU
		{8EFC71FF-4B45-4E81-45C3-5667295380CD}.Debug|Any CPU.ActiveCfg = Debug|Any CPU
		{8EFC71FF-4B45-4E81-45C3-5667295380CD}.Debug|Any CPU.Build.0 = Debug|Any CPU
		{8EFC71FF-4B45-4E81-45C3-5667295380CD}.Release|Any CPU.ActiveCfg = Release|Any CPU
		{8EFC71FF-4B45-4E81-45C3-5667295380CD}.Release|Any CPU.Build.0 = Release|Any CPU
		{31FD1300-0F13-A7DF-B98A-77C1FA5E26B9}.Debug|Any CPU.ActiveCfg = Debug|Any CPU
		{31FD1300-0F13-A7DF-B98A-77C1FA5E26B9}.Debug|Any CPU.Build.0 = Debug|Any CPU
		{31FD1300-0F13-A7DF-B98A-77C1FA5E26B9}.Release|Any CPU.ActiveCfg = Release|Any CPU
		{31FD1300-0F13-A7DF-B98A-77C1FA5E26B9}.Release|Any CPU.Build.0 = Release|Any CPU
	EndGlobalSection
	GlobalSection(SolutionProperties) = preSolution
		HideSolutionNode = FALSE
	EndGlobalSection
	GlobalSection(MonoDevelopProperties) = preSolution
		StartupItem = Assembly-CSharp.csproj
	EndGlobalSection
EndGlobal
